
Microsoft Visual Studio Solution File, Format Version 12.00
# Visual Studio Version 17
VisualStudioVersion = 17.13.35931.197 d17.13
MinimumVisualStudioVersion = 10.0.40219.1
Project("{FAE04EC0-301F-11D3-BF4B-00C04F79EFBC}") = "Ejercicio 1", "Ejercicio 1\Ejercicio 1.csproj", "{06454374-7EF4-4433-8959-58FEEDF95A0C}"
EndProject
Global
	GlobalSection(SolutionConfigurationPlatforms) = preSolution
		Debug|Any CPU = Debug|Any CPU
		Release|Any CPU = Release|Any CPU
	EndGlobalSection
	GlobalSection(ProjectConfigurationPlatforms) = postSolution
		{06454374-7EF4-4433-8959-58FEEDF95A0C}.Debug|Any CPU.ActiveCfg = Debug|Any CPU
		{06454374-7EF4-4433-8959-58FEEDF95A0C}.Debug|Any CPU.Build.0 = Debug|Any CPU
		{06454374-7EF4-4433-8959-58FEEDF95A0C}.Release|Any CPU.ActiveCfg = Release|Any CPU
		{06454374-7EF4-4433-8959-58FEEDF95A0C}.Release|Any CPU.Build.0 = Release|Any CPU
	EndGlobalSection
	GlobalSection(SolutionProperties) = preSolution
		HideSolutionNode = FALSE
	EndGlobalSection
	GlobalSection(ExtensibilityGlobals) = postSolution
		SolutionGuid = {060957EC-4600-4365-83F4-C7A827E9E8EB}
	EndGlobalSection
EndGlobal
